<?xml version="1.0" encoding="utf-8"?>
<Project ToolsVersion="15.0" xmlns="http://schemas.microsoft.com/developer/msbuild/2003">
  <ItemGroup>
    <ClCompile Include="shared.c">
      <Filter>Source Files</Filter>
    </ClCompile>
    <ClCompile Include="test.c">
      <Filter>Source Files</Filter>
    </ClCompile>
  </ItemGroup>
  <ItemGroup>
    <Filter Include="Source Files">
      <UniqueIdentifier>{D8575F26-F5ED-38B2-804C-F019A5CC8636}</UniqueIdentifier>
    </Filter>
  </ItemGroup>
  <ItemGroup>
    <ClInclude Include="shared.h">
      <Filter>Source Files</Filter>
    </ClInclude>
  </ItemGroup>
</Project>